// !$*UTF8*$!
{
	archiveVersion = 1;
	classes = {
	};
	objectVersion = 56;
	objects = {

/* Begin PBXBuildFile section */
		F41DC3822A890D3F00147A68 /* AppDelegate.swift in Sources */ = {isa = PBXBuildFile; fileRef = F41DC3812A890D3F00147A68 /* AppDelegate.swift */; };
		F41DC3842A890D3F00147A68 /* SceneDelegate.swift in Sources */ = {isa = PBXBuildFile; fileRef = F41DC3832A890D3F00147A68 /* SceneDelegate.swift */; };
		F41DC3862A890D3F00147A68 /* TrendAPIViewController.swift in Sources */ = {isa = PBXBuildFile; fileRef = F41DC3852A890D3F00147A68 /* TrendAPIViewController.swift */; };
		F41DC3892A890D3F00147A68 /* Main.storyboard in Resources */ = {isa = PBXBuildFile; fileRef = F41DC3872A890D3F00147A68 /* Main.storyboard */; };
		F41DC38B2A890D4000147A68 /* Assets.xcassets in Resources */ = {isa = PBXBuildFile; fileRef = F41DC38A2A890D4000147A68 /* Assets.xcassets */; };
		F41DC38E2A890D4000147A68 /* LaunchScreen.storyboard in Resources */ = {isa = PBXBuildFile; fileRef = F41DC38C2A890D4000147A68 /* LaunchScreen.storyboard */; };
		F41DC3962A891E1100147A68 /* .gitignore in Resources */ = {isa = PBXBuildFile; fileRef = F41DC3952A891E1100147A68 /* .gitignore */; };
		F41DC39A2A891F2400147A68 /* APIKey.swift in Sources */ = {isa = PBXBuildFile; fileRef = F41DC3992A891F2400147A68 /* APIKey.swift */; };
		F41DC39D2A8922A000147A68 /* SwiftyJSON in Frameworks */ = {isa = PBXBuildFile; productRef = F41DC39C2A8922A000147A68 /* SwiftyJSON */; };
		F41DC3A02A8922AE00147A68 /* Alamofire in Frameworks */ = {isa = PBXBuildFile; productRef = F41DC39F2A8922AE00147A68 /* Alamofire */; };
		F41DC3A22A89245500147A68 /* CreditAPIViewController.swift in Sources */ = {isa = PBXBuildFile; fileRef = F41DC3A12A89245500147A68 /* CreditAPIViewController.swift */; };
		F41DC3A52A89257600147A68 /* TrendAPICollectionViewCell.swift in Sources */ = {isa = PBXBuildFile; fileRef = F41DC3A42A89257600147A68 /* TrendAPICollectionViewCell.swift */; };
		F42D9FEC2A8A560B0084CA79 /* TrendStruct.swift in Sources */ = {isa = PBXBuildFile; fileRef = F42D9FEB2A8A560B0084CA79 /* TrendStruct.swift */; };
		F4465AAC2A91ABA50042DE62 /* CastTableViewCell.swift in Sources */ = {isa = PBXBuildFile; fileRef = F4465AAB2A91ABA50042DE62 /* CastTableViewCell.swift */; };
		F4465ABA2A91F7030042DE62 /* SimilarVideoViewController.swift in Sources */ = {isa = PBXBuildFile; fileRef = F4465AB92A91F7030042DE62 /* SimilarVideoViewController.swift */; };
		F4465ABC2A91F7620042DE62 /* APIManager.swift in Sources */ = {isa = PBXBuildFile; fileRef = F4465ABB2A91F7620042DE62 /* APIManager.swift */; };
		F4465ABE2A9218350042DE62 /* SimilarStruct.swift in Sources */ = {isa = PBXBuildFile; fileRef = F4465ABD2A9218350042DE62 /* SimilarStruct.swift */; };
		F4465AC02A92195D0042DE62 /* VideoStruct.swift in Sources */ = {isa = PBXBuildFile; fileRef = F4465ABF2A92195D0042DE62 /* VideoStruct.swift */; };
		F45131192A8F7FEE000F612E /* Kingfisher in Frameworks */ = {isa = PBXBuildFile; productRef = F45131182A8F7FEE000F612E /* Kingfisher */; };
		F451311B2A8F820D000F612E /* CreditStruct.swift in Sources */ = {isa = PBXBuildFile; fileRef = F451311A2A8F820D000F612E /* CreditStruct.swift */; };
		F4E77F332A9382C000D1EBF1 /* OverViewTableViewCell.swift in Sources */ = {isa = PBXBuildFile; fileRef = F4E77F322A9382C000D1EBF1 /* OverViewTableViewCell.swift */; };
/* End PBXBuildFile section */

/* Begin PBXFileReference section */
		F41DC37E2A890D3F00147A68 /* TMDBMediaProject.app */ = {isa = PBXFileReference; explicitFileType = wrapper.application; includeInIndex = 0; path = TMDBMediaProject.app; sourceTree = BUILT_PRODUCTS_DIR; };
		F41DC3812A890D3F00147A68 /* AppDelegate.swift */ = {isa = PBXFileReference; lastKnownFileType = sourcecode.swift; path = AppDelegate.swift; sourceTree = "<group>"; };
		F41DC3832A890D3F00147A68 /* SceneDelegate.swift */ = {isa = PBXFileReference; lastKnownFileType = sourcecode.swift; path = SceneDelegate.swift; sourceTree = "<group>"; };
		F41DC3852A890D3F00147A68 /* TrendAPIViewController.swift */ = {isa = PBXFileReference; lastKnownFileType = sourcecode.swift; path = TrendAPIViewController.swift; sourceTree = "<group>"; };
		F41DC3882A890D3F00147A68 /* Base */ = {isa = PBXFileReference; lastKnownFileType = file.storyboard; name = Base; path = Base.lproj/Main.storyboard; sourceTree = "<group>"; };
		F41DC38A2A890D4000147A68 /* Assets.xcassets */ = {isa = PBXFileReference; lastKnownFileType = folder.assetcatalog; path = Assets.xcassets; sourceTree = "<group>"; };
		F41DC38D2A890D4000147A68 /* Base */ = {isa = PBXFileReference; lastKnownFileType = file.storyboard; name = Base; path = Base.lproj/LaunchScreen.storyboard; sourceTree = "<group>"; };
		F41DC38F2A890D4000147A68 /* Info.plist */ = {isa = PBXFileReference; lastKnownFileType = text.plist.xml; path = Info.plist; sourceTree = "<group>"; };
		F41DC3952A891E1100147A68 /* .gitignore */ = {isa = PBXFileReference; lastKnownFileType = text; path = .gitignore; sourceTree = "<group>"; };
		F41DC3992A891F2400147A68 /* APIKey.swift */ = {isa = PBXFileReference; lastKnownFileType = sourcecode.swift; path = APIKey.swift; sourceTree = "<group>"; };
		F41DC3A12A89245500147A68 /* CreditAPIViewController.swift */ = {isa = PBXFileReference; lastKnownFileType = sourcecode.swift; path = CreditAPIViewController.swift; sourceTree = "<group>"; };
		F41DC3A42A89257600147A68 /* TrendAPICollectionViewCell.swift */ = {isa = PBXFileReference; lastKnownFileType = sourcecode.swift; path = TrendAPICollectionViewCell.swift; sourceTree = "<group>"; };
		F42D9FEB2A8A560B0084CA79 /* TrendStruct.swift */ = {isa = PBXFileReference; lastKnownFileType = sourcecode.swift; path = TrendStruct.swift; sourceTree = SOURCE_ROOT; };
		F4465AAB2A91ABA50042DE62 /* CastTableViewCell.swift */ = {isa = PBXFileReference; lastKnownFileType = sourcecode.swift; path = CastTableViewCell.swift; sourceTree = "<group>"; };
		F4465AB92A91F7030042DE62 /* SimilarVideoViewController.swift */ = {isa = PBXFileReference; lastKnownFileType = sourcecode.swift; path = SimilarVideoViewController.swift; sourceTree = "<group>"; };
		F4465ABB2A91F7620042DE62 /* APIManager.swift */ = {isa = PBXFileReference; lastKnownFileType = sourcecode.swift; path = APIManager.swift; sourceTree = "<group>"; };
		F4465ABD2A9218350042DE62 /* SimilarStruct.swift */ = {isa = PBXFileReference; lastKnownFileType = sourcecode.swift; path = SimilarStruct.swift; sourceTree = "<group>"; };
		F4465ABF2A92195D0042DE62 /* VideoStruct.swift */ = {isa = PBXFileReference; lastKnownFileType = sourcecode.swift; path = VideoStruct.swift; sourceTree = "<group>"; };
		F451311A2A8F820D000F612E /* CreditStruct.swift */ = {isa = PBXFileReference; lastKnownFileType = sourcecode.swift; path = CreditStruct.swift; sourceTree = "<group>"; };
		F4E77F322A9382C000D1EBF1 /* OverViewTableViewCell.swift */ = {isa = PBXFileReference; lastKnownFileType = sourcecode.swift; path = OverViewTableViewCell.swift; sourceTree = "<group>"; };
/* End PBXFileReference section */

/* Begin PBXFrameworksBuildPhase section */
		F41DC37B2A890D3F00147A68 /* Frameworks */ = {
			isa = PBXFrameworksBuildPhase;
			buildActionMask = 2147483647;
			files = (
				F45131192A8F7FEE000F612E /* Kingfisher in Frameworks */,
				F41DC39D2A8922A000147A68 /* SwiftyJSON in Frameworks */,
				F41DC3A02A8922AE00147A68 /* Alamofire in Frameworks */,
			);
			runOnlyForDeploymentPostprocessing = 0;
		};
/* End PBXFrameworksBuildPhase section */

/* Begin PBXGroup section */
		F41DC3752A890D3F00147A68 = {
			isa = PBXGroup;
			children = (
				F4465AB82A91F6D20042DE62 /* SimilarVideo */,
				F41DC3802A890D3F00147A68 /* TMDBMediaProject */,
				F41DC37F2A890D3F00147A68 /* Products */,
			);
			sourceTree = "<group>";
		};
		F41DC37F2A890D3F00147A68 /* Products */ = {
			isa = PBXGroup;
			children = (
				F41DC37E2A890D3F00147A68 /* TMDBMediaProject.app */,
			);
			name = Products;
			sourceTree = "<group>";
		};
		F41DC3802A890D3F00147A68 /* TMDBMediaProject */ = {
			isa = PBXGroup;
			children = (
				F42D9FEB2A8A560B0084CA79 /* TrendStruct.swift */,
				F41DC3812A890D3F00147A68 /* AppDelegate.swift */,
				F41DC3832A890D3F00147A68 /* SceneDelegate.swift */,
				F41DC3852A890D3F00147A68 /* TrendAPIViewController.swift */,
				F41DC3A12A89245500147A68 /* CreditAPIViewController.swift */,
				F4465AAB2A91ABA50042DE62 /* CastTableViewCell.swift */,
				F41DC3952A891E1100147A68 /* .gitignore */,
				F41DC3992A891F2400147A68 /* APIKey.swift */,
				F41DC3872A890D3F00147A68 /* Main.storyboard */,
				F4E77F322A9382C000D1EBF1 /* OverViewTableViewCell.swift */,
				F451311A2A8F820D000F612E /* CreditStruct.swift */,
				F41DC3A42A89257600147A68 /* TrendAPICollectionViewCell.swift */,
				F41DC38A2A890D4000147A68 /* Assets.xcassets */,
				F41DC38C2A890D4000147A68 /* LaunchScreen.storyboard */,
				F41DC38F2A890D4000147A68 /* Info.plist */,
			);
			path = TMDBMediaProject;
			sourceTree = "<group>";
		};
		F4465AB82A91F6D20042DE62 /* SimilarVideo */ = {
			isa = PBXGroup;
			children = (
				F4465AB92A91F7030042DE62 /* SimilarVideoViewController.swift */,
				F4465ABB2A91F7620042DE62 /* APIManager.swift */,
				F4465ABD2A9218350042DE62 /* SimilarStruct.swift */,
				F4465ABF2A92195D0042DE62 /* VideoStruct.swift */,
			);
			path = SimilarVideo;
			sourceTree = "<group>";
		};
/* End PBXGroup section */

/* Begin PBXNativeTarget section */
		F41DC37D2A890D3F00147A68 /* TMDBMediaProject */ = {
			isa = PBXNativeTarget;
			buildConfigurationList = F41DC3922A890D4000147A68 /* Build configuration list for PBXNativeTarget "TMDBMediaProject" */;
			buildPhases = (
				F41DC37A2A890D3F00147A68 /* Sources */,
				F41DC37B2A890D3F00147A68 /* Frameworks */,
				F41DC37C2A890D3F00147A68 /* Resources */,
			);
			buildRules = (
			);
			dependencies = (
			);
			name = TMDBMediaProject;
			packageProductDependencies = (
				F41DC39C2A8922A000147A68 /* SwiftyJSON */,
				F41DC39F2A8922AE00147A68 /* Alamofire */,
				F45131182A8F7FEE000F612E /* Kingfisher */,
			);
			productName = TMDBMediaProject;
			productReference = F41DC37E2A890D3F00147A68 /* TMDBMediaProject.app */;
			productType = "com.apple.product-type.application";
		};
/* End PBXNativeTarget section */

/* Begin PBXProject section */
		F41DC3762A890D3F00147A68 /* Project object */ = {
			isa = PBXProject;
			attributes = {
				BuildIndependentTargetsInParallel = 1;
				LastSwiftUpdateCheck = 1430;
				LastUpgradeCheck = 1430;
				TargetAttributes = {
					F41DC37D2A890D3F00147A68 = {
						CreatedOnToolsVersion = 14.3.1;
					};
				};
			};
			buildConfigurationList = F41DC3792A890D3F00147A68 /* Build configuration list for PBXProject "TMDBMediaProject" */;
			compatibilityVersion = "Xcode 14.0";
			developmentRegion = en;
			hasScannedForEncodings = 0;
			knownRegions = (
				en,
				Base,
			);
			mainGroup = F41DC3752A890D3F00147A68;
			packageReferences = (
				F41DC39B2A8922A000147A68 /* XCRemoteSwiftPackageReference "SwiftyJSON" */,
				F41DC39E2A8922AE00147A68 /* XCRemoteSwiftPackageReference "Alamofire" */,
				F45131172A8F7FEE000F612E /* XCRemoteSwiftPackageReference "Kingfisher" */,
			);
			productRefGroup = F41DC37F2A890D3F00147A68 /* Products */;
			projectDirPath = "";
			projectRoot = "";
			targets = (
				F41DC37D2A890D3F00147A68 /* TMDBMediaProject */,
			);
		};
/* End PBXProject section */

/* Begin PBXResourcesBuildPhase section */
		F41DC37C2A890D3F00147A68 /* Resources */ = {
			isa = PBXResourcesBuildPhase;
			buildActionMask = 2147483647;
			files = (
				F41DC3962A891E1100147A68 /* .gitignore in Resources */,
				F41DC38E2A890D4000147A68 /* LaunchScreen.storyboard in Resources */,
				F41DC38B2A890D4000147A68 /* Assets.xcassets in Resources */,
				F41DC3892A890D3F00147A68 /* Main.storyboard in Resources */,
			);
			runOnlyForDeploymentPostprocessing = 0;
		};
/* End PBXResourcesBuildPhase section */

/* Begin PBXSourcesBuildPhase section */
		F41DC37A2A890D3F00147A68 /* Sources */ = {
			isa = PBXSourcesBuildPhase;
			buildActionMask = 2147483647;
			files = (
				F4E77F332A9382C000D1EBF1 /* OverViewTableViewCell.swift in Sources */,
				F4465AC02A92195D0042DE62 /* VideoStruct.swift in Sources */,
				F42D9FEC2A8A560B0084CA79 /* TrendStruct.swift in Sources */,
				F41DC3A52A89257600147A68 /* TrendAPICollectionViewCell.swift in Sources */,
				F4465ABA2A91F7030042DE62 /* SimilarVideoViewController.swift in Sources */,
				F41DC3A22A89245500147A68 /* CreditAPIViewController.swift in Sources */,
				F4465ABE2A9218350042DE62 /* SimilarStruct.swift in Sources */,
				F4465ABC2A91F7620042DE62 /* APIManager.swift in Sources */,
				F41DC3862A890D3F00147A68 /* TrendAPIViewController.swift in Sources */,
				F41DC3822A890D3F00147A68 /* AppDelegate.swift in Sources */,
				F41DC39A2A891F2400147A68 /* APIKey.swift in Sources */,
				F41DC3842A890D3F00147A68 /* SceneDelegate.swift in Sources */,
				F451311B2A8F820D000F612E /* CreditStruct.swift in Sources */,
				F4465AAC2A91ABA50042DE62 /* CastTableViewCell.swift in Sources */,
			);
			runOnlyForDeploymentPostprocessing = 0;
		};
/* End PBXSourcesBuildPhase section */

/* Begin PBXVariantGroup section */
		F41DC3872A890D3F00147A68 /* Main.storyboard */ = {
			isa = PBXVariantGroup;
			children = (
				F41DC3882A890D3F00147A68 /* Base */,
			);
			name = Main.storyboard;
			sourceTree = "<group>";
		};
		F41DC38C2A890D4000147A68 /* LaunchScreen.storyboard */ = {
			isa = PBXVariantGroup;
			children = (
				F41DC38D2A890D4000147A68 /* Base */,
			);
			name = LaunchScreen.storyboard;
			sourceTree = "<group>";
		};
/* End PBXVariantGroup section */

/* Begin XCBuildConfiguration section */
		F41DC3902A890D4000147A68 /* Debug */ = {
			isa = XCBuildConfiguration;
			buildSettings = {
				ALWAYS_SEARCH_USER_PATHS = NO;
				CLANG_ANALYZER_NONNULL = YES;
				CLANG_ANALYZER_NUMBER_OBJECT_CONVERSION = YES_AGGRESSIVE;
				CLANG_CXX_LANGUAGE_STANDARD = "gnu++20";
				CLANG_ENABLE_MODULES = YES;
				CLANG_ENABLE_OBJC_ARC = YES;
				CLANG_ENABLE_OBJC_WEAK = YES;
				CLANG_WARN_BLOCK_CAPTURE_AUTORELEASING = YES;
				CLANG_WARN_BOOL_CONVERSION = YES;
				CLANG_WARN_COMMA = YES;
				CLANG_WARN_CONSTANT_CONVERSION = YES;
				CLANG_WARN_DEPRECATED_OBJC_IMPLEMENTATIONS = YES;
				CLANG_WARN_DIRECT_OBJC_ISA_USAGE = YES_ERROR;
				CLANG_WARN_DOCUMENTATION_COMMENTS = YES;
				CLANG_WARN_EMPTY_BODY = YES;
				CLANG_WARN_ENUM_CONVERSION = YES;
				CLANG_WARN_INFINITE_RECURSION = YES;
				CLANG_WARN_INT_CONVERSION = YES;
				CLANG_WARN_NON_LITERAL_NULL_CONVERSION = YES;
				CLANG_WARN_OBJC_IMPLICIT_RETAIN_SELF = YES;
				CLANG_WARN_OBJC_LITERAL_CONVERSION = YES;
				CLANG_WARN_OBJC_ROOT_CLASS = YES_ERROR;
				CLANG_WARN_QUOTED_INCLUDE_IN_FRAMEWORK_HEADER = YES;
				CLANG_WARN_RANGE_LOOP_ANALYSIS = YES;
				CLANG_WARN_STRICT_PROTOTYPES = YES;
				CLANG_WARN_SUSPICIOUS_MOVE = YES;
				CLANG_WARN_UNGUARDED_AVAILABILITY = YES_AGGRESSIVE;
				CLANG_WARN_UNREACHABLE_CODE = YES;
				CLANG_WARN__DUPLICATE_METHOD_MATCH = YES;
				COPY_PHASE_STRIP = NO;
				DEBUG_INFORMATION_FORMAT = dwarf;
				ENABLE_STRICT_OBJC_MSGSEND = YES;
				ENABLE_TESTABILITY = YES;
				GCC_C_LANGUAGE_STANDARD = gnu11;
				GCC_DYNAMIC_NO_PIC = NO;
				GCC_NO_COMMON_BLOCKS = YES;
				GCC_OPTIMIZATION_LEVEL = 0;
				GCC_PREPROCESSOR_DEFINITIONS = (
					"DEBUG=1",
					"$(inherited)",
				);
				GCC_WARN_64_TO_32_BIT_CONVERSION = YES;
				GCC_WARN_ABOUT_RETURN_TYPE = YES_ERROR;
				GCC_WARN_UNDECLARED_SELECTOR = YES;
				GCC_WARN_UNINITIALIZED_AUTOS = YES_AGGRESSIVE;
				GCC_WARN_UNUSED_FUNCTION = YES;
				GCC_WARN_UNUSED_VARIABLE = YES;
				IPHONEOS_DEPLOYMENT_TARGET = 16.4;
				MTL_ENABLE_DEBUG_INFO = INCLUDE_SOURCE;
				MTL_FAST_MATH = YES;
				ONLY_ACTIVE_ARCH = YES;
				SDKROOT = iphoneos;
				SWIFT_ACTIVE_COMPILATION_CONDITIONS = DEBUG;
				SWIFT_OPTIMIZATION_LEVEL = "-Onone";
			};
			name = Debug;
		};
		F41DC3912A890D4000147A68 /* Release */ = {
			isa = XCBuildConfiguration;
			buildSettings = {
				ALWAYS_SEARCH_USER_PATHS = NO;
				CLANG_ANALYZER_NONNULL = YES;
				CLANG_ANALYZER_NUMBER_OBJECT_CONVERSION = YES_AGGRESSIVE;
				CLANG_CXX_LANGUAGE_STANDARD = "gnu++20";
				CLANG_ENABLE_MODULES = YES;
				CLANG_ENABLE_OBJC_ARC = YES;
				CLANG_ENABLE_OBJC_WEAK = YES;
				CLANG_WARN_BLOCK_CAPTURE_AUTORELEASING = YES;
				CLANG_WARN_BOOL_CONVERSION = YES;
				CLANG_WARN_COMMA = YES;
				CLANG_WARN_CONSTANT_CONVERSION = YES;
				CLANG_WARN_DEPRECATED_OBJC_IMPLEMENTATIONS = YES;
				CLANG_WARN_DIRECT_OBJC_ISA_USAGE = YES_ERROR;
				CLANG_WARN_DOCUMENTATION_COMMENTS = YES;
				CLANG_WARN_EMPTY_BODY = YES;
				CLANG_WARN_ENUM_CONVERSION = YES;
				CLANG_WARN_INFINITE_RECURSION = YES;
				CLANG_WARN_INT_CONVERSION = YES;
				CLANG_WARN_NON_LITERAL_NULL_CONVERSION = YES;
				CLANG_WARN_OBJC_IMPLICIT_RETAIN_SELF = YES;
				CLANG_WARN_OBJC_LITERAL_CONVERSION = YES;
				CLANG_WARN_OBJC_ROOT_CLASS = YES_ERROR;
				CLANG_WARN_QUOTED_INCLUDE_IN_FRAMEWORK_HEADER = YES;
				CLANG_WARN_RANGE_LOOP_ANALYSIS = YES;
				CLANG_WARN_STRICT_PROTOTYPES = YES;
				CLANG_WARN_SUSPICIOUS_MOVE = YES;
				CLANG_WARN_UNGUARDED_AVAILABILITY = YES_AGGRESSIVE;
				CLANG_WARN_UNREACHABLE_CODE = YES;
				CLANG_WARN__DUPLICATE_METHOD_MATCH = YES;
				COPY_PHASE_STRIP = NO;
				DEBUG_INFORMATION_FORMAT = "dwarf-with-dsym";
				ENABLE_NS_ASSERTIONS = NO;
				ENABLE_STRICT_OBJC_MSGSEND = YES;
				GCC_C_LANGUAGE_STANDARD = gnu11;
				GCC_NO_COMMON_BLOCKS = YES;
				GCC_WARN_64_TO_32_BIT_CONVERSION = YES;
				GCC_WARN_ABOUT_RETURN_TYPE = YES_ERROR;
				GCC_WARN_UNDECLARED_SELECTOR = YES;
				GCC_WARN_UNINITIALIZED_AUTOS = YES_AGGRESSIVE;
				GCC_WARN_UNUSED_FUNCTION = YES;
				GCC_WARN_UNUSED_VARIABLE = YES;
				IPHONEOS_DEPLOYMENT_TARGET = 16.4;
				MTL_ENABLE_DEBUG_INFO = NO;
				MTL_FAST_MATH = YES;
				SDKROOT = iphoneos;
				SWIFT_COMPILATION_MODE = wholemodule;
				SWIFT_OPTIMIZATION_LEVEL = "-O";
				VALIDATE_PRODUCT = YES;
			};
			name = Release;
		};
		F41DC3932A890D4000147A68 /* Debug */ = {
			isa = XCBuildConfiguration;
			buildSettings = {
				ASSETCATALOG_COMPILER_APPICON_NAME = AppIcon;
				ASSETCATALOG_COMPILER_GLOBAL_ACCENT_COLOR_NAME = AccentColor;
				CODE_SIGN_STYLE = Automatic;
				CURRENT_PROJECT_VERSION = 1;
				GENERATE_INFOPLIST_FILE = YES;
				INFOPLIST_FILE = TMDBMediaProject/Info.plist;
				INFOPLIST_KEY_UIApplicationSupportsIndirectInputEvents = YES;
				INFOPLIST_KEY_UILaunchStoryboardName = LaunchScreen;
				INFOPLIST_KEY_UIMainStoryboardFile = Main;
				INFOPLIST_KEY_UISupportedInterfaceOrientations_iPad = "UIInterfaceOrientationPortrait UIInterfaceOrientationPortraitUpsideDown UIInterfaceOrientationLandscapeLeft UIInterfaceOrientationLandscapeRight";
				INFOPLIST_KEY_UISupportedInterfaceOrientations_iPhone = "UIInterfaceOrientationPortrait UIInterfaceOrientationLandscapeLeft UIInterfaceOrientationLandscapeRight";
				LD_RUNPATH_SEARCH_PATHS = (
					"$(inherited)",
					"@executable_path/Frameworks",
				);
				MARKETING_VERSION = 1.0;
				PRODUCT_BUNDLE_IDENTIFIER = com.Jeong.TMDBMediaProject;
				PRODUCT_NAME = "$(TARGET_NAME)";
				SUPPORTED_PLATFORMS = "iphoneos iphonesimulator";
				SUPPORTS_MACCATALYST = NO;
				SUPPORTS_MAC_DESIGNED_FOR_IPHONE_IPAD = NO;
				SWIFT_EMIT_LOC_STRINGS = YES;
				SWIFT_VERSION = 5.0;
				TARGETED_DEVICE_FAMILY = 1;
			};
			name = Debug;
		};
		F41DC3942A890D4000147A68 /* Release */ = {
			isa = XCBuildConfiguration;
			buildSettings = {
				ASSETCATALOG_COMPILER_APPICON_NAME = AppIcon;
				ASSETCATALOG_COMPILER_GLOBAL_ACCENT_COLOR_NAME = AccentColor;
				CODE_SIGN_STYLE = Automatic;
				CURRENT_PROJECT_VERSION = 1;
				GENERATE_INFOPLIST_FILE = YES;
				INFOPLIST_FILE = TMDBMediaProject/Info.plist;
				INFOPLIST_KEY_UIApplicationSupportsIndirectInputEvents = YES;
				INFOPLIST_KEY_UILaunchStoryboardName = LaunchScreen;
				INFOPLIST_KEY_UIMainStoryboardFile = Main;
				INFOPLIST_KEY_UISupportedInterfaceOrientations_iPad = "UIInterfaceOrientationPortrait UIInterfaceOrientationPortraitUpsideDown UIInterfaceOrientationLandscapeLeft UIInterfaceOrientationLandscapeRight";
				INFOPLIST_KEY_UISupportedInterfaceOrientations_iPhone = "UIInterfaceOrientationPortrait UIInterfaceOrientationLandscapeLeft UIInterfaceOrientationLandscapeRight";
				LD_RUNPATH_SEARCH_PATHS = (
					"$(inherited)",
					"@executable_path/Frameworks",
				);
				MARKETING_VERSION = 1.0;
				PRODUCT_BUNDLE_IDENTIFIER = com.Jeong.TMDBMediaProject;
				PRODUCT_NAME = "$(TARGET_NAME)";
				SUPPORTED_PLATFORMS = "iphoneos iphonesimulator";
				SUPPORTS_MACCATALYST = NO;
				SUPPORTS_MAC_DESIGNED_FOR_IPHONE_IPAD = NO;
				SWIFT_EMIT_LOC_STRINGS = YES;
				SWIFT_VERSION = 5.0;
				TARGETED_DEVICE_FAMILY = 1;
			};
			name = Release;
		};
/* End XCBuildConfiguration section */

/* Begin XCConfigurationList section */
		F41DC3792A890D3F00147A68 /* Build configuration list for PBXProject "TMDBMediaProject" */ = {
			isa = XCConfigurationList;
			buildConfigurations = (
				F41DC3902A890D4000147A68 /* Debug */,
				F41DC3912A890D4000147A68 /* Release */,
			);
			defaultConfigurationIsVisible = 0;
			defaultConfigurationName = Release;
		};
		F41DC3922A890D4000147A68 /* Build configuration list for PBXNativeTarget "TMDBMediaProject" */ = {
			isa = XCConfigurationList;
			buildConfigurations = (
				F41DC3932A890D4000147A68 /* Debug */,
				F41DC3942A890D4000147A68 /* Release */,
			);
			defaultConfigurationIsVisible = 0;
			defaultConfigurationName = Release;
		};
/* End XCConfigurationList section */

/* Begin XCRemoteSwiftPackageReference section */
		F41DC39B2A8922A000147A68 /* XCRemoteSwiftPackageReference "SwiftyJSON" */ = {
			isa = XCRemoteSwiftPackageReference;
			repositoryURL = "https://github.com/SwiftyJSON/SwiftyJSON.git";
			requirement = {
				kind = upToNextMajorVersion;
				minimumVersion = 5.0.0;
			};
		};
		F41DC39E2A8922AE00147A68 /* XCRemoteSwiftPackageReference "Alamofire" */ = {
			isa = XCRemoteSwiftPackageReference;
			repositoryURL = "https://github.com/Alamofire/Alamofire.git";
			requirement = {
				kind = upToNextMajorVersion;
				minimumVersion = 5.0.0;
			};
		};
		F45131172A8F7FEE000F612E /* XCRemoteSwiftPackageReference "Kingfisher" */ = {
			isa = XCRemoteSwiftPackageReference;
			repositoryURL = "https://github.com/onevcat/Kingfisher";
			requirement = {
				kind = upToNextMajorVersion;
				minimumVersion = 7.0.0;
			};
		};
/* End XCRemoteSwiftPackageReference section */

/* Begin XCSwiftPackageProductDependency section */
		F41DC39C2A8922A000147A68 /* SwiftyJSON */ = {
			isa = XCSwiftPackageProductDependency;
			package = F41DC39B2A8922A000147A68 /* XCRemoteSwiftPackageReference "SwiftyJSON" */;
			productName = SwiftyJSON;
		};
		F41DC39F2A8922AE00147A68 /* Alamofire */ = {
			isa = XCSwiftPackageProductDependency;
			package = F41DC39E2A8922AE00147A68 /* XCRemoteSwiftPackageReference "Alamofire" */;
			productName = Alamofire;
		};
		F45131182A8F7FEE000F612E /* Kingfisher */ = {
			isa = XCSwiftPackageProductDependency;
			package = F45131172A8F7FEE000F612E /* XCRemoteSwiftPackageReference "Kingfisher" */;
			productName = Kingfisher;
		};
/* End XCSwiftPackageProductDependency section */
	};
	rootObject = F41DC3762A890D3F00147A68 /* Project object */;
}
